# THIS IS AN AUTOGENERATED FILE. DO NOT EDIT THIS FILE DIRECTLY.
# yarn lockfile v1


"@floating-ui/core@^1.7.2":
  version "1.7.2"
  resolved "https://registry.yarnpkg.com/@floating-ui/core/-/core-1.7.2.tgz#3d1c35263950b314b6d5a72c8bfb9e3c1551aefd"
  integrity sha512-wNB5ooIKHQc+Kui96jE/n69rHFWAVoxn5CAzL1Xdd8FG03cgY3MLO+GF9U3W737fYDSgPWA6MReKhBQBop6Pcw==
  dependencies:
    "@floating-ui/utils" "^0.2.10"

"@floating-ui/dom@^1.7.2":
  version "1.7.2"
  resolved "https://registry.yarnpkg.com/@floating-ui/dom/-/dom-1.7.2.tgz#3540b051cf5ce0d4f4db5fb2507a76e8ea5b4a45"
  integrity sha512-7cfaOQuCS27HD7DX+6ib2OrnW+b4ZBwDNnCcT0uTyidcmyWb03FnQqJybDBoCnpdxwBSfA94UAYlRCt7mV+TbA==
  dependencies:
    "@floating-ui/core" "^1.7.2"
    "@floating-ui/utils" "^0.2.10"

"@floating-ui/react-dom@^2.1.4":
  version "2.1.4"
  resolved "https://registry.yarnpkg.com/@floating-ui/react-dom/-/react-dom-2.1.4.tgz#a0689be8978352fff2be2dfdd718cf668c488ec3"
  integrity sha512-JbbpPhp38UmXDDAu60RJmbeme37Jbgsm7NrHGgzYYFKmblzRUh6Pa641dII6LsjwF4XlScDrde2UAzDo/b9KPw==
  dependencies:
    "@floating-ui/dom" "^1.7.2"

"@floating-ui/react@^0.27.13":
  version "0.27.13"
  resolved "https://registry.yarnpkg.com/@floating-ui/react/-/react-0.27.13.tgz#fa6f458c4b90e45f40ed3b12a0bacfa7c8a1a146"
  integrity sha512-Qmj6t9TjgWAvbygNEu1hj4dbHI9CY0ziCMIJrmYoDIn9TUAH5lRmiIeZmRd4c6QEZkzdoH7jNnoNyoY1AIESiA==
  dependencies:
    "@floating-ui/react-dom" "^2.1.4"
    "@floating-ui/utils" "^0.2.10"
    tabbable "^6.0.0"

"@floating-ui/utils@^0.2.10":
  version "0.2.10"
  resolved "https://registry.yarnpkg.com/@floating-ui/utils/-/utils-0.2.10.tgz#a2a1e3812d14525f725d011a73eceb41fef5bc1c"
  integrity sha512-aGTxbpbg8/b5JfU1HXSrbH3wXZuLPJcNEcZQFMxLs3oSzgtVu6nFPkbbGGUvBcUjKV2YyB9Wxxabo+HEH9tcRQ==

tabbable@^6.0.0:
  version "6.2.0"
  resolved "https://registry.yarnpkg.com/tabbable/-/tabbable-6.2.0.tgz#732fb62bc0175cfcec257330be187dcfba1f3b97"
  integrity sha512-Cat63mxsVJlzYvN51JmVXIgNoUokrIaT2zLclCXjRd8boZ0004U4KCs/sToJ75C6sdlByWxpYnb5Boif1VSFew==
